github.com/GRbit/go-pcre v1.0.0 h1:Qv/YZ/tr436mFgep3Y0WAzKOZvAKGOGD0cAMwUcsEJo=
github.com/GRbit/go-pcre v1.0.0/go.mod h1:OuMGyux1WcDrKNwDn9MyQLa2kzxQS/xFyVqXFZ/ay0I=
github.com/gijsbers/go-pcre v0.0.0-20161214203829-a84f3096ab3c h1:o5z/Stj4aWUiDiCVFdEOgXcwNF+Z7mQSlvDTaWBK98Q=
github.com/gijsbers/go-pcre v0.0.0-20161214203829-a84f3096ab3c/go.mod h1:Bd83Kcti1U5OMXYYTjilhd6os+l6AmlTMVbDtaBvycQ=
